
Microsoft Visual Studio Solution File, Format Version 12.00
# Visual Studio Version 17
VisualStudioVersion = 17.2.32630.192
MinimumVisualStudioVersion = 10.0.40219.1
Project("{FAE04EC0-301F-11D3-BF4B-00C04F79EFBC}") = "OkenniAplikace", "OkenniAplikace\OkenniAplikace.csproj", "{B809AED8-E2EF-4C47-B915-7EEF5BE73E68}"
EndProject
Global
	GlobalSection(SolutionConfigurationPlatforms) = preSolution
		Debug|Any CPU = Debug|Any CPU
		Release|Any CPU = Release|Any CPU
	EndGlobalSection
	GlobalSection(ProjectConfigurationPlatforms) = postSolution
		{B809AED8-E2EF-4C47-B915-7EEF5BE73E68}.Debug|Any CPU.ActiveCfg = Debug|Any CPU
		{B809AED8-E2EF-4C47-B915-7EEF5BE73E68}.Debug|Any CPU.Build.0 = Debug|Any CPU
		{B809AED8-E2EF-4C47-B915-7EEF5BE73E68}.Release|Any CPU.ActiveCfg = Release|Any CPU
		{B809AED8-E2EF-4C47-B915-7EEF5BE73E68}.Release|Any CPU.Build.0 = Release|Any CPU
	EndGlobalSection
	GlobalSection(SolutionProperties) = preSolution
		HideSolutionNode = FALSE
	EndGlobalSection
	GlobalSection(ExtensibilityGlobals) = postSolution
		SolutionGuid = {21E44D68-346C-4B61-86FC-1F7320E79CE1}
	EndGlobalSection
EndGlobal
